{
  "requires": true,
  "lockfileVersion": 1,
  "dependencies": {
    "d3-array": {
      "version": "2.3.1",
      "resolved": "https://registry.npmjs.org/d3-array/-/d3-array-2.3.1.tgz",
      "integrity": "sha512-YlOh8kwqIz0pDECEdCeqVNelaLQXznD0g6yidhhklMgKxKqbNDrYfoudLMkk9THlqvFll+pXMmXYAyN49yWsmg=="
    }
  }
}
